
Microsoft Visual Studio Solution File, Format Version 12.00
# Visual Studio Version 17
VisualStudioVersion = 17.5.33414.496
MinimumVisualStudioVersion = 10.0.40219.1
Project("{9A19103F-16F7-4668-BE54-9A1E7A4F7556}") = "DesktopApp", "DesktopApp\DesktopApp.csproj", "{8215DAD4-5222-4253-9D95-3F166A57A713}"
EndProject
Project("{9A19103F-16F7-4668-BE54-9A1E7A4F7556}") = "DomainModel", "DomainModel\DomainModel.csproj", "{BEE0DA00-2D80-4F29-8004-04B8269094DC}"
EndProject
Project("{9A19103F-16F7-4668-BE54-9A1E7A4F7556}") = "UserInterface", "UserInterface\UserInterface.csproj", "{92333422-1EE0-416D-9F72-A44BE7CEC111}"
EndProject
Project("{9A19103F-16F7-4668-BE54-9A1E7A4F7556}") = "Tests", "Tests\Tests.csproj", "{BEB1E975-A6C1-4497-A8F2-047990DD6805}"
EndProject
Project("{FAE04EC0-301F-11D3-BF4B-00C04F79EFBC}") = "Behavior", "Behavior\Behavior.csproj", "{FCF24A3B-C538-4D51-8971-DCABD2860D30}"
EndProject
Global
	GlobalSection(SolutionConfigurationPlatforms) = preSolution
		Debug|Any CPU = Debug|Any CPU
		Release|Any CPU = Release|Any CPU
	EndGlobalSection
	GlobalSection(ProjectConfigurationPlatforms) = postSolution
		{8215DAD4-5222-4253-9D95-3F166A57A713}.Debug|Any CPU.ActiveCfg = Debug|Any CPU
		{8215DAD4-5222-4253-9D95-3F166A57A713}.Debug|Any CPU.Build.0 = Debug|Any CPU
		{8215DAD4-5222-4253-9D95-3F166A57A713}.Release|Any CPU.ActiveCfg = Release|Any CPU
		{8215DAD4-5222-4253-9D95-3F166A57A713}.Release|Any CPU.Build.0 = Release|Any CPU
		{BEE0DA00-2D80-4F29-8004-04B8269094DC}.Debug|Any CPU.ActiveCfg = Debug|Any CPU
		{BEE0DA00-2D80-4F29-8004-04B8269094DC}.Debug|Any CPU.Build.0 = Debug|Any CPU
		{BEE0DA00-2D80-4F29-8004-04B8269094DC}.Release|Any CPU.ActiveCfg = Release|Any CPU
		{BEE0DA00-2D80-4F29-8004-04B8269094DC}.Release|Any CPU.Build.0 = Release|Any CPU
		{92333422-1EE0-416D-9F72-A44BE7CEC111}.Debug|Any CPU.ActiveCfg = Debug|Any CPU
		{92333422-1EE0-416D-9F72-A44BE7CEC111}.Debug|Any CPU.Build.0 = Debug|Any CPU
		{92333422-1EE0-416D-9F72-A44BE7CEC111}.Release|Any CPU.ActiveCfg = Release|Any CPU
		{92333422-1EE0-416D-9F72-A44BE7CEC111}.Release|Any CPU.Build.0 = Release|Any CPU
		{BEB1E975-A6C1-4497-A8F2-047990DD6805}.Debug|Any CPU.ActiveCfg = Debug|Any CPU
		{BEB1E975-A6C1-4497-A8F2-047990DD6805}.Debug|Any CPU.Build.0 = Debug|Any CPU
		{BEB1E975-A6C1-4497-A8F2-047990DD6805}.Release|Any CPU.ActiveCfg = Release|Any CPU
		{BEB1E975-A6C1-4497-A8F2-047990DD6805}.Release|Any CPU.Build.0 = Release|Any CPU
		{FCF24A3B-C538-4D51-8971-DCABD2860D30}.Debug|Any CPU.ActiveCfg = Debug|Any CPU
		{FCF24A3B-C538-4D51-8971-DCABD2860D30}.Debug|Any CPU.Build.0 = Debug|Any CPU
		{FCF24A3B-C538-4D51-8971-DCABD2860D30}.Release|Any CPU.ActiveCfg = Release|Any CPU
		{FCF24A3B-C538-4D51-8971-DCABD2860D30}.Release|Any CPU.Build.0 = Release|Any CPU
	EndGlobalSection
	GlobalSection(SolutionProperties) = preSolution
		HideSolutionNode = FALSE
	EndGlobalSection
	GlobalSection(ExtensibilityGlobals) = postSolution
		SolutionGuid = {A10F1F2A-5A94-43DD-B96B-BE0640E3A39D}
	EndGlobalSection
EndGlobal
